
Microsoft Visual Studio Solution File, Format Version 12.00
# Visual Studio Version 17
VisualStudioVersion = 17.7.34202.233
MinimumVisualStudioVersion = 10.0.40219.1
Project("{FAE04EC0-301F-11D3-BF4B-00C04F79EFBC}") = "HomeWork11", "HomeWork11.csproj", "{60693D9B-A2BF-438F-BAC9-51679A537887}"
EndProject
Global
	GlobalSection(SolutionConfigurationPlatforms) = preSolution
		Debug|Any CPU = Debug|Any CPU
		Release|Any CPU = Release|Any CPU
	EndGlobalSection
	GlobalSection(ProjectConfigurationPlatforms) = postSolution
		{60693D9B-A2BF-438F-BAC9-51679A537887}.Debug|Any CPU.ActiveCfg = Debug|Any CPU
		{60693D9B-A2BF-438F-BAC9-51679A537887}.Debug|Any CPU.Build.0 = Debug|Any CPU
		{60693D9B-A2BF-438F-BAC9-51679A537887}.Release|Any CPU.ActiveCfg = Release|Any CPU
		{60693D9B-A2BF-438F-BAC9-51679A537887}.Release|Any CPU.Build.0 = Release|Any CPU
	EndGlobalSection
	GlobalSection(SolutionProperties) = preSolution
		HideSolutionNode = FALSE
	EndGlobalSection
	GlobalSection(ExtensibilityGlobals) = postSolution
		SolutionGuid = {A2C6EE3A-9D76-4D62-98C4-C7C6DA4FD30C}
	EndGlobalSection
EndGlobal
